
Microsoft Visual Studio Solution File, Format Version 12.00
# Visual Studio 15
VisualStudioVersion = 15.0.28307.102
MinimumVisualStudioVersion = 10.0.40219.1
Project("{FAE04EC0-301F-11D3-BF4B-00C04F79EFBC}") = "TODOList.DAL", "TODOList.DAL\TODOList.DAL.csproj", "{B1E0B66C-18A9-4B95-A4CA-9597CE6BD02C}"
EndProject
Project("{FAE04EC0-301F-11D3-BF4B-00C04F79EFBC}") = "TODOList.BLL", "TODOList.BLL\TODOList.BLL.csproj", "{65315EE4-D6C6-4EA3-8055-24520FEBC5A6}"
EndProject
Project("{9A19103F-16F7-4668-BE54-9A1E7A4F7556}") = "TODOList.WEB", "TODOList.WEB\TODOList.WEB.csproj", "{55660796-648F-4821-9313-AE7BA757752D}"
EndProject
Project("{FAE04EC0-301F-11D3-BF4B-00C04F79EFBC}") = "XUnitTestProject", "XUnitTestProject\XUnitTestProject.csproj", "{B75643D7-848D-4D6A-A194-9ABA844D0DAB}"
EndProject
Global
	GlobalSection(SolutionConfigurationPlatforms) = preSolution
		Debug|Any CPU = Debug|Any CPU
		Release|Any CPU = Release|Any CPU
	EndGlobalSection
	GlobalSection(ProjectConfigurationPlatforms) = postSolution
		{B1E0B66C-18A9-4B95-A4CA-9597CE6BD02C}.Debug|Any CPU.ActiveCfg = Debug|Any CPU
		{B1E0B66C-18A9-4B95-A4CA-9597CE6BD02C}.Debug|Any CPU.Build.0 = Debug|Any CPU
		{B1E0B66C-18A9-4B95-A4CA-9597CE6BD02C}.Release|Any CPU.ActiveCfg = Release|Any CPU
		{B1E0B66C-18A9-4B95-A4CA-9597CE6BD02C}.Release|Any CPU.Build.0 = Release|Any CPU
		{65315EE4-D6C6-4EA3-8055-24520FEBC5A6}.Debug|Any CPU.ActiveCfg = Debug|Any CPU
		{65315EE4-D6C6-4EA3-8055-24520FEBC5A6}.Debug|Any CPU.Build.0 = Debug|Any CPU
		{65315EE4-D6C6-4EA3-8055-24520FEBC5A6}.Release|Any CPU.ActiveCfg = Release|Any CPU
		{65315EE4-D6C6-4EA3-8055-24520FEBC5A6}.Release|Any CPU.Build.0 = Release|Any CPU
		{55660796-648F-4821-9313-AE7BA757752D}.Debug|Any CPU.ActiveCfg = Debug|Any CPU
		{55660796-648F-4821-9313-AE7BA757752D}.Debug|Any CPU.Build.0 = Debug|Any CPU
		{55660796-648F-4821-9313-AE7BA757752D}.Release|Any CPU.ActiveCfg = Release|Any CPU
		{55660796-648F-4821-9313-AE7BA757752D}.Release|Any CPU.Build.0 = Release|Any CPU
		{B75643D7-848D-4D6A-A194-9ABA844D0DAB}.Debug|Any CPU.ActiveCfg = Debug|Any CPU
		{B75643D7-848D-4D6A-A194-9ABA844D0DAB}.Debug|Any CPU.Build.0 = Debug|Any CPU
		{B75643D7-848D-4D6A-A194-9ABA844D0DAB}.Release|Any CPU.ActiveCfg = Release|Any CPU
		{B75643D7-848D-4D6A-A194-9ABA844D0DAB}.Release|Any CPU.Build.0 = Release|Any CPU
	EndGlobalSection
	GlobalSection(SolutionProperties) = preSolution
		HideSolutionNode = FALSE
	EndGlobalSection
	GlobalSection(ExtensibilityGlobals) = postSolution
		SolutionGuid = {016CDB28-A6DB-43D8-B3D9-D9C44076F784}
	EndGlobalSection
EndGlobal
